version: 2.0
shards:
  ameba:
    git: https://github.com/crystal-ameba/ameba.git
    version: 1.6.4

  baked_file_system:
    git: https://github.com/ralsina/baked_file_system.git
    version: 0.10.0+git.commit.beb373124c7a235cfb9cd94e36849d8168eaa04b

  base58:
    git: https://github.com/crystal-china/base58.cr.git
    version: 0.1.0+git.commit.0e2c44d16a8098b00d8bf0b74add8bb9ea2f1c5f

  crimage:
    git: https://github.com/naqvis/crimage.git
    version: 1.0.5+git.commit.2b3abbcdca426a2a13a39b986326f9a2f7f65bc6

  docopt:
    git: https://github.com/ralsina/docopt.cr.git
    version: 0.3.1

  html5:
    git: https://github.com/naqvis/crystal-html5.git
    version: 0.7.0

  json-schema:
    git: https://github.com/spider-gazelle/json-schema.git
    version: 1.3.2

  liquid:
    git: https://github.com/amberframework/liquid.cr.git
    version: 1.0.0

  reply:
    git: https://github.com/i3oris/reply.git
    version: 0.4.0

  sixteen:
    git: https://github.com/ralsina/sixteen.git
    version: 0.7.0

  spectator:
    git: https://gitlab.com/arctic-fox/spectator.git
    version: 0.12.4

  tablo:
    git: https://github.com/hutou/tablo.git
    version: 1.1.0

  tartrazine:
    git: https://github.com/ralsina/tartrazine.git
    version: 0.20.1

  termify:
    git: https://github.com/nogginly/termify.cr.git
    version: 0.5.0

  textseg:
    git: https://github.com/naqvis/uni_text_seg.git
    version: 0.1.3

  uniwidth:
    git: https://github.com/naqvis/uni_char_width.git
    version: 0.1.3

  xpath2:
    git: https://github.com/naqvis/crystal-xpath2.git
    version: 0.2.0

