version: 2.0
shards:
  ameba:
    git: https://github.com/crystal-ameba/ameba.git
    version: 1.6.4

  baked_file_system:
    git: https://github.com/ralsina/baked_file_system.git
    version: 0.10.0+git.commit.beb373124c7a235cfb9cd94e36849d8168eaa04b

  base58:
    git: https://github.com/crystal-china/base58.cr.git
    version: 0.1.0+git.commit.f7193c497efff614cf87b03f0bd07741915a592f

  crimage:
    git: https://github.com/naqvis/crimage.git
    version: 1.0.4+git.commit.b65f67df27f4cb8807a34d94a90dfd4162acf45a

  docopt:
    git: https://github.com/ralsina/docopt.cr.git
    version: 0.3.1

  fnv:
    git: https://github.com/naqvis/crystal-fnv.git
    version: 0.1.3

  html5:
    git: https://github.com/naqvis/crystal-html5.git
    version: 0.5.1

  json-schema:
    git: https://github.com/spider-gazelle/json-schema.git
    version: 1.3.2

  liquid:
    git: https://github.com/amberframework/liquid.cr.git
    version: 1.0.0

  markd:
    git: https://github.com/icyleaf/markd.git
    version: 0.5.0+git.commit.03cd4f5d6f4e56054502a6548b4c2ff92fb3dc20

  markterm:
    git: https://github.com/ralsina/markterm.git
    version: 0.7.0

  progress_bar:
    git: https://github.com/mgomes/progress_bar.git
    version: 1.0.1+git.commit.aa5ebab89d31167208387640db06d3964ec7922b

  reply:
    git: https://github.com/i3oris/reply.git
    version: 0.4.0

  sixteen:
    git: https://github.com/ralsina/sixteen.git
    version: 0.7.0

  spectator:
    git: https://gitlab.com/arctic-fox/spectator.git
    version: 0.12.2

  tablo:
    git: https://github.com/hutou/tablo.git
    version: 1.0.2

  tartrazine:
    git: https://github.com/ralsina/tartrazine.git
    version: 0.20.1

  textseg:
    git: https://github.com/naqvis/uni_text_seg.git
    version: 0.1.3

  uniwidth:
    git: https://github.com/naqvis/uni_char_width.git
    version: 0.1.3

  xpath2:
    git: https://github.com/naqvis/crystal-xpath2.git
    version: 0.1.3

